
Microsoft Visual Studio Solution File, Format Version 12.00
Project("{F2A71F9B-5D33-465A-A702-920D77279786}") = "BPRD-06", "BPRD-06\BPRD-06.fsproj", "{BE2CC748-9C72-455A-803C-F76F2B126D06}"
EndProject
Global
	GlobalSection(SolutionConfigurationPlatforms) = preSolution
		Debug|Any CPU = Debug|Any CPU
		Release|Any CPU = Release|Any CPU
	EndGlobalSection
	GlobalSection(ProjectConfigurationPlatforms) = postSolution
		{BE2CC748-9C72-455A-803C-F76F2B126D06}.Debug|Any CPU.ActiveCfg = Debug|Any CPU
		{BE2CC748-9C72-455A-803C-F76F2B126D06}.Debug|Any CPU.Build.0 = Debug|Any CPU
		{BE2CC748-9C72-455A-803C-F76F2B126D06}.Release|Any CPU.ActiveCfg = Release|Any CPU
		{BE2CC748-9C72-455A-803C-F76F2B126D06}.Release|Any CPU.Build.0 = Release|Any CPU
	EndGlobalSection
EndGlobal
